{
 "files": {
  "backend/curation/contracts/modules.py": "sha256:42a24c992766e8297b411a8ae0b3cedfd5b2d863c7645b960235fd433126156f",
  "backend/daemon/repo/protocol.py": "sha256:e54f5edafe347fda27dbd998d62f8e3b767e5d2b4ca4d70589ed1e3fe4842aed",
  "docs/contracts/cli/adjudicate-apply.schema.json": "sha256:d3b6addebf932f486781bae0cb5c0489d09145cd2ea9e7d11a4efe98fc196e1f",
  "docs/contracts/cli/aggregate.schema.json": "sha256:c8a7ebfc8e49106ffbf3615295b08e48b5aaaf9e5b0868bde6e43c237def8860",
  "docs/contracts/cli/autolabel-line.schema.json": "sha256:962a1cadd9d66d5910a113ba00dfc72f6cb43fb9bcc504357b6bb0feacc9ee0d",
  "docs/contracts/cli/autolabel.schema.json": "sha256:fb2242c19b00233b78f728464b5c334317abdbd0f5d8cef2ad95fcc2d0caf2d9",
  "docs/contracts/cli/check.schema.json": "sha256:7faa16b8b4cdc3dee879010baa33d5bccb0a36ff9da1a37198c3b09c756fae1b",
  "docs/contracts/cli/commit.schema.json": "sha256:45f20afaed0f7e7baa0de8e98489d73bf96c2f8ca837ce4ff2a9737a3d59e38e",
  "docs/contracts/cli/common.schema.json": "sha256:f1d8e2a31be882603906fe8a3e81e83a26ab2976571118f585ae115cbc87bf26",
  "docs/contracts/cli/decisions.schema.json": "sha256:04c67dafc6fffdaf8d07ff8dbc3a6f8f26122e61a92dd4a7f298829857a22f9e",
  "docs/contracts/cli/error.schema.json": "sha256:cb71f457007cd7335040325bdc617c11765cd2b371d2378a33976451e62f51d2",
  "docs/contracts/cli/export-manifest.schema.json": "sha256:d45c6ef528e5c30b2d480d10da91e5084c9e73f7ef0935e59f252e7dc039d5f6",
  "docs/contracts/cli/export.schema.json": "sha256:326f12699d8e042ad5e774905a68acbe9e35c09f7a4a390e54a21745f68104a5",
  "docs/contracts/cli/final-list.schema.json": "sha256:e5fce7887d24dc2f2671aef2560d7ece26d968466f9779ec5cdb3e093b2ebf47",
  "docs/contracts/cli/plan.schema.json": "sha256:578b9b10031fcd1ed6e8bf1df78959940943a71147680feb68f0da4997c175e3",
  "docs/contracts/cli/preflight.schema.json": "sha256:72da00a2faa730e119db37ac8d3e49c8a8ac478f1a424eccfae3a299a7151206",
  "docs/contracts/cli/report-output.schema.json": "sha256:2403b5bfab1c6353a2c2b8a2aa3276bffb981f227419ae03058fd0278564e85a",
  "docs/contracts/cli/report.schema.json": "sha256:19f9414faddfa060f2afba521d8bdbcd9522e0481e65457d8a11d432e6623592",
  "docs/contracts/cli/result-record.schema.json": "sha256:5e49c58ee793f5943f53e0418c1982ee53c9a51c3e4a8606448c176575ac4dac",
  "docs/contracts/cli/source-manifest.schema.json": "sha256:5c3bae7c4aeef815878f647b6bcbe3ad2e3c063d643c41df3912fcf792ad014f",
  "docs/contracts/cli/verdict-line.schema.json": "sha256:71fc35e2c3bd3dd93a0ef9011acb6dda0e0cd3bb6fff7abcbd3a71e673ce155a",
  "docs/contracts/cli/verify.schema.json": "sha256:bdface3671e9400ae9f1a40d9fbf54986701b1db0c578c99976e69701ddb00dc",
  "docs/contracts/eef/calibration.schema.json": "sha256:75a319c2d66867b1097abd70e825b9ed70478a53e3ece93b82af9de26d23de5e",
  "docs/contracts/eef/frame.schema.json": "sha256:97e4af86cdf2a44e0a41d7f21aaca987bf4692a82931542447ceb0b6ecd9c1d7",
  "docs/contracts/eef/observation.schema.json": "sha256:44194891fc2ad499cc723da848987b28f347bffd81326ba0f8329d5079e4d90a",
  "docs/contracts/eef/review_output.schema.json": "sha256:75a972b90dd4df9f4803f5dad5398a2de5bad61e9d1430c3112f167a9bbab12c",
  "docs/contracts/eef/sample.schema.json": "sha256:6cf2de7bb69cdb7e3f495c39ef473cc18389a2c5084a0ea57caf1f741581b20b",
  "docs/contracts/eef/trajectory_bundle.schema.json": "sha256:6ce8c5f5b6ffe1ddcab680b21a70f4a4ac4d30cff3040037c77f5ee5e2417b2e",
  "docs/contracts/modules.json": "sha256:f00d39423dd411648219f31e03ec6650c53d06e09c23507e1f747c90bad0c5eb",
  "docs/contracts/openapi.yaml": "sha256:2ab3196fe3cd45fcf0f239fa1701bfe69b23168f3edc49204b002c8c9ed7f67d",
  "docs/contracts/parity/vlm-tape-entry.schema.json": "sha256:014d924766cdfe13c79a400e4c31134bb2c1e8a3830644d3644135ab1c9f5058",
  "docs/contracts/progress.schema.json": "sha256:ecb75b41143af25a34e1ae33aebca5d0dca9dd4bae61dc941b805153496d8487"
 },
 "note": "sha256 of every frozen contract; refresh with `python -m curation.contracts lock` after a reviewed change"
}
