{
 "files": {
  "backend/curation/contracts/modules.py": "sha256:6331de44d8ab7b93acde5d7ea7d4bee5f208dbea47be93c85fe2596682143335",
  "backend/daemon/repo/protocol.py": "sha256:7e7735307f155d837bdd354ad89635523f556d2b9f5bdbddd8609528d633767d",
  "docs/contracts/cli/adjudicate-apply.schema.json": "sha256:d3b6addebf932f486781bae0cb5c0489d09145cd2ea9e7d11a4efe98fc196e1f",
  "docs/contracts/cli/aggregate.schema.json": "sha256:c8a7ebfc8e49106ffbf3615295b08e48b5aaaf9e5b0868bde6e43c237def8860",
  "docs/contracts/cli/autolabel-line.schema.json": "sha256:7bfa7eda818287ac79560bcc304a49ffe0ff8c395cfd582d830d035b9a515437",
  "docs/contracts/cli/autolabel.schema.json": "sha256:fb2242c19b00233b78f728464b5c334317abdbd0f5d8cef2ad95fcc2d0caf2d9",
  "docs/contracts/cli/check.schema.json": "sha256:8a1d013ee03fcbb56e1d17f04d4091ed8fb1038938c118e347079b43c49a07f0",
  "docs/contracts/cli/commit.schema.json": "sha256:45f20afaed0f7e7baa0de8e98489d73bf96c2f8ca837ce4ff2a9737a3d59e38e",
  "docs/contracts/cli/common.schema.json": "sha256:d9840af8e40d65bfc8650c8dd855e410fa10309e163a4b27f9a735e187973eed",
  "docs/contracts/cli/decisions.schema.json": "sha256:881b86db8a0c32e68a81f5a26643aa912010ae350cdb06caac0b11650f7290eb",
  "docs/contracts/cli/error.schema.json": "sha256:cb71f457007cd7335040325bdc617c11765cd2b371d2378a33976451e62f51d2",
  "docs/contracts/cli/export-manifest.schema.json": "sha256:d45c6ef528e5c30b2d480d10da91e5084c9e73f7ef0935e59f252e7dc039d5f6",
  "docs/contracts/cli/export.schema.json": "sha256:326f12699d8e042ad5e774905a68acbe9e35c09f7a4a390e54a21745f68104a5",
  "docs/contracts/cli/final-list.schema.json": "sha256:4e52da05867b43b54de40a7b568cffd5c908a720de8e7fcc379e085f120e7acf",
  "docs/contracts/cli/plan.schema.json": "sha256:d3937014217e67f4335599108fc8a76f442d43534dbf326eae5744c2877a559d",
  "docs/contracts/cli/preflight.schema.json": "sha256:83fede5dafe5d2811c946fb0213d43a3e60856e9a0686a4c42050c14e791536e",
  "docs/contracts/cli/report-output.schema.json": "sha256:2403b5bfab1c6353a2c2b8a2aa3276bffb981f227419ae03058fd0278564e85a",
  "docs/contracts/cli/report.schema.json": "sha256:19bdfc441ce71442cb8361e7ea33e69954ab1caf1b456a6e3c028879a52ec69f",
  "docs/contracts/cli/result-record.schema.json": "sha256:8b944dd234884540dfda0c649e6506cfdbb751464d74bc0ab1897714b9a03565",
  "docs/contracts/cli/source-manifest.schema.json": "sha256:5c3bae7c4aeef815878f647b6bcbe3ad2e3c063d643c41df3912fcf792ad014f",
  "docs/contracts/cli/verdict-line.schema.json": "sha256:5fd7e66dfec6575068c5ac95c1ade6b64444c1720ba0f70f56772e967507b6a8",
  "docs/contracts/cli/verify.schema.json": "sha256:bdface3671e9400ae9f1a40d9fbf54986701b1db0c578c99976e69701ddb00dc",
  "docs/contracts/eef/calibration.schema.json": "sha256:75a319c2d66867b1097abd70e825b9ed70478a53e3ece93b82af9de26d23de5e",
  "docs/contracts/eef/frame.schema.json": "sha256:18e47e0419600b5baccc2ee98f9e91d9b6136b11421bc3f4b1255e78b83b293c",
  "docs/contracts/eef/gripper_template.schema.json": "sha256:bf89143a6e574840075d305423bc44bf77d7f5d666fd259f259f54b9901a1b2f",
  "docs/contracts/eef/observation.schema.json": "sha256:44194891fc2ad499cc723da848987b28f347bffd81326ba0f8329d5079e4d90a",
  "docs/contracts/eef/opinion_output.schema.json": "sha256:3df40fcbe6350abfc73cc9620daeada4d29e16254b30c60a2b8badb5fbb6b38b",
  "docs/contracts/eef/review_output.schema.json": "sha256:f468a537daed089fdbb8d70facea808994fae654033b2c38786facbdd3f0a583",
  "docs/contracts/eef/sample.schema.json": "sha256:f9ce44aaebddf1220b4793ed65bbbd12eb58a1428840fbbc87f0eae1ff6ca43d",
  "docs/contracts/eef/trajectory_bundle.schema.json": "sha256:6ce8c5f5b6ffe1ddcab680b21a70f4a4ac4d30cff3040037c77f5ee5e2417b2e",
  "docs/contracts/modules.json": "sha256:5cb0214503e953f30af6b1b9c3bbb45b060aea34fcaf8ec8596c02040150c50b",
  "docs/contracts/openapi.yaml": "sha256:e8b02056866a19a2e370b94017a79c8d0e61ac95a078ac1067c60a18947e7351",
  "docs/contracts/parity/vlm-tape-entry.schema.json": "sha256:014d924766cdfe13c79a400e4c31134bb2c1e8a3830644d3644135ab1c9f5058",
  "docs/contracts/progress.schema.json": "sha256:8c15bcfcab0fb4f6c3e537a7646d9bf6645facf52d296836c6295464400339e2",
  "docs/contracts/taxonomy.json": "sha256:62046d3db5ef48cd6101369ee474893dae48265e8085df81a2f4ad0faeaaa058",
  "docs/contracts/taxonomy.schema.json": "sha256:4c2420773bf685b9b15dec29c1f522d8ccbadca5adb17c05321ea2e04826d813",
  "docs/contracts/viz-mapping.schema.json": "sha256:ec07b0fc51dcb50da38fdd0b5a56567cb16e64341efed436b35d424a81709da4"
 },
 "note": "sha256 of every frozen contract; refresh with `python -m curation.contracts lock` after a reviewed change"
}
