{
 "files": {
  "backend/curation/contracts/modules.py": "sha256:2f559ce4fac79886dbe8d91eaa30c706eb81b732e6e38c77c13c2bf5b7c68b00",
  "backend/daemon/repo/protocol.py": "sha256:5a0999387b10530c8e732b4d5246f1dd53ebc9b228183092c63191fb10f6b125",
  "docs/contracts/cli/adjudicate-apply.schema.json": "sha256:d3b6addebf932f486781bae0cb5c0489d09145cd2ea9e7d11a4efe98fc196e1f",
  "docs/contracts/cli/aggregate.schema.json": "sha256:c8a7ebfc8e49106ffbf3615295b08e48b5aaaf9e5b0868bde6e43c237def8860",
  "docs/contracts/cli/autolabel-line.schema.json": "sha256:7bfa7eda818287ac79560bcc304a49ffe0ff8c395cfd582d830d035b9a515437",
  "docs/contracts/cli/autolabel.schema.json": "sha256:fb2242c19b00233b78f728464b5c334317abdbd0f5d8cef2ad95fcc2d0caf2d9",
  "docs/contracts/cli/check.schema.json": "sha256:8a1d013ee03fcbb56e1d17f04d4091ed8fb1038938c118e347079b43c49a07f0",
  "docs/contracts/cli/commit.schema.json": "sha256:45f20afaed0f7e7baa0de8e98489d73bf96c2f8ca837ce4ff2a9737a3d59e38e",
  "docs/contracts/cli/common.schema.json": "sha256:d9840af8e40d65bfc8650c8dd855e410fa10309e163a4b27f9a735e187973eed",
  "docs/contracts/cli/decisions.schema.json": "sha256:881b86db8a0c32e68a81f5a26643aa912010ae350cdb06caac0b11650f7290eb",
  "docs/contracts/cli/error.schema.json": "sha256:cb71f457007cd7335040325bdc617c11765cd2b371d2378a33976451e62f51d2",
  "docs/contracts/cli/export-manifest.schema.json": "sha256:d45c6ef528e5c30b2d480d10da91e5084c9e73f7ef0935e59f252e7dc039d5f6",
  "docs/contracts/cli/export.schema.json": "sha256:326f12699d8e042ad5e774905a68acbe9e35c09f7a4a390e54a21745f68104a5",
  "docs/contracts/cli/final-list.schema.json": "sha256:6c7c4c74516dec3371d4fe6cf8f6a570e567117feb56d0c04c3ff4d4b7efed12",
  "docs/contracts/cli/plan.schema.json": "sha256:d3937014217e67f4335599108fc8a76f442d43534dbf326eae5744c2877a559d",
  "docs/contracts/cli/preflight.schema.json": "sha256:0d4694ab00f5fcd1c2c71ff2135438c008c34bc3c49eacf74a84c70510232be8",
  "docs/contracts/cli/report-output.schema.json": "sha256:2403b5bfab1c6353a2c2b8a2aa3276bffb981f227419ae03058fd0278564e85a",
  "docs/contracts/cli/report.schema.json": "sha256:4188e683cd6c8b1fa902eb2198f3fb1fff843c9864087c93e3f6aa2c853f9088",
  "docs/contracts/cli/result-record.schema.json": "sha256:8b944dd234884540dfda0c649e6506cfdbb751464d74bc0ab1897714b9a03565",
  "docs/contracts/cli/source-manifest.schema.json": "sha256:5c3bae7c4aeef815878f647b6bcbe3ad2e3c063d643c41df3912fcf792ad014f",
  "docs/contracts/cli/verdict-line.schema.json": "sha256:5fd7e66dfec6575068c5ac95c1ade6b64444c1720ba0f70f56772e967507b6a8",
  "docs/contracts/cli/verify.schema.json": "sha256:bdface3671e9400ae9f1a40d9fbf54986701b1db0c578c99976e69701ddb00dc",
  "docs/contracts/eef/calibration.schema.json": "sha256:75a319c2d66867b1097abd70e825b9ed70478a53e3ece93b82af9de26d23de5e",
  "docs/contracts/eef/frame.schema.json": "sha256:97e4af86cdf2a44e0a41d7f21aaca987bf4692a82931542447ceb0b6ecd9c1d7",
  "docs/contracts/eef/gripper_template.schema.json": "sha256:bf89143a6e574840075d305423bc44bf77d7f5d666fd259f259f54b9901a1b2f",
  "docs/contracts/eef/observation.schema.json": "sha256:44194891fc2ad499cc723da848987b28f347bffd81326ba0f8329d5079e4d90a",
  "docs/contracts/eef/opinion_output.schema.json": "sha256:9d533fd3189c7f7ffa35a303e7a5e702fb8878d7274eedd528d6e8da18b91a54",
  "docs/contracts/eef/review_output.schema.json": "sha256:f468a537daed089fdbb8d70facea808994fae654033b2c38786facbdd3f0a583",
  "docs/contracts/eef/sample.schema.json": "sha256:50dfe10cea1ec103f5a4fc20c9178cb8f294cb986fae6eb88b0e1135fa1eb564",
  "docs/contracts/eef/trajectory_bundle.schema.json": "sha256:6ce8c5f5b6ffe1ddcab680b21a70f4a4ac4d30cff3040037c77f5ee5e2417b2e",
  "docs/contracts/modules.json": "sha256:47c50c870f12b03b35ca979e6bf6f43ae2c36eea8a087e55dd54ab6e0c1d9bec",
  "docs/contracts/openapi.yaml": "sha256:6ce365fb83200c5b42e7b33d3a203f2df5174e7b48dbf2e8dbd786aefea00358",
  "docs/contracts/parity/vlm-tape-entry.schema.json": "sha256:014d924766cdfe13c79a400e4c31134bb2c1e8a3830644d3644135ab1c9f5058",
  "docs/contracts/progress.schema.json": "sha256:8c15bcfcab0fb4f6c3e537a7646d9bf6645facf52d296836c6295464400339e2",
  "docs/contracts/taxonomy.json": "sha256:7c76d3262a52e2d5a058088d948fecfd47f64f3c7a83170faaf83b69246f5c0c",
  "docs/contracts/taxonomy.schema.json": "sha256:196fcce5b8be548c1a56c0da5b73b76e893abd4ccb4021caf575b3f7ecfda4c1"
 },
 "note": "sha256 of every frozen contract; refresh with `python -m curation.contracts lock` after a reviewed change"
}
